
Microsoft Visual Studio Solution File, Format Version 11.00
# Visual Studio 2010
Project("{FAE04EC0-301F-11D3-BF4B-00C04F79EFBC}") = "Tens", "Tens\Tens.csproj", "{1EAC3C57-0164-4D78-8390-1744CCEA5CBB}"
EndProject
Global
	GlobalSection(SolutionConfigurationPlatforms) = preSolution
		Debug|Any CPU = Debug|Any CPU
		Release|Any CPU = Release|Any CPU
	EndGlobalSection
	GlobalSection(ProjectConfigurationPlatforms) = postSolution
		{1EAC3C57-0164-4D78-8390-1744CCEA5CBB}.Debug|Any CPU.ActiveCfg = Debug|Any CPU
		{1EAC3C57-0164-4D78-8390-1744CCEA5CBB}.Debug|Any CPU.Build.0 = Debug|Any CPU
		{1EAC3C57-0164-4D78-8390-1744CCEA5CBB}.Release|Any CPU.ActiveCfg = Release|Any CPU
		{1EAC3C57-0164-4D78-8390-1744CCEA5CBB}.Release|Any CPU.Build.0 = Release|Any CPU
	EndGlobalSection
	GlobalSection(SolutionProperties) = preSolution
		HideSolutionNode = FALSE
	EndGlobalSection
EndGlobal
